// !$*UTF8*$!
{
	archiveVersion = 1;
	classes = {
	};
	objectVersion = 55;
	objects = {

/* Begin PBXBuildFile section */
		8C22FFF928CA4582009D6309 /* UserModel.swift in Sources */ = {isa = PBXBuildFile; fileRef = 8C22FFF828CA4582009D6309 /* UserModel.swift */; };
		8C22FFFE28CA566B009D6309 /* ProfileViewController.swift in Sources */ = {isa = PBXBuildFile; fileRef = 8C22FFFD28CA566B009D6309 /* ProfileViewController.swift */; };
		8C2B4BA728DA1671009080B1 /* ProfileViewModel.swift in Sources */ = {isa = PBXBuildFile; fileRef = 8C2B4BA628DA1671009080B1 /* ProfileViewModel.swift */; };
		8C38A46B28C8BC1F00201F93 /* DatabaseManager.swift in Sources */ = {isa = PBXBuildFile; fileRef = 8C38A46A28C8BC1F00201F93 /* DatabaseManager.swift */; };
		8C4EA4BD28BE50D200898BD0 /* AppDelegate.swift in Sources */ = {isa = PBXBuildFile; fileRef = 8C4EA4BC28BE50D200898BD0 /* AppDelegate.swift */; };
		8C4EA4BF28BE50D200898BD0 /* SceneDelegate.swift in Sources */ = {isa = PBXBuildFile; fileRef = 8C4EA4BE28BE50D200898BD0 /* SceneDelegate.swift */; };
		8C4EA4C628BE50D200898BD0 /* Assets.xcassets in Resources */ = {isa = PBXBuildFile; fileRef = 8C4EA4C528BE50D200898BD0 /* Assets.xcassets */; };
		8C4EA4C928BE50D200898BD0 /* LaunchScreen.storyboard in Resources */ = {isa = PBXBuildFile; fileRef = 8C4EA4C728BE50D200898BD0 /* LaunchScreen.storyboard */; };
		8C4EA4D328BE516F00898BD0 /* LoginViewController.swift in Sources */ = {isa = PBXBuildFile; fileRef = 8C4EA4D228BE516F00898BD0 /* LoginViewController.swift */; };
		8C4EA4D728BE5CC900898BD0 /* RegisterViewController.swift in Sources */ = {isa = PBXBuildFile; fileRef = 8C4EA4D628BE5CC900898BD0 /* RegisterViewController.swift */; };
		8C4EA4DA28BE5D8D00898BD0 /* RegisterViewModels.swift in Sources */ = {isa = PBXBuildFile; fileRef = 8C4EA4D928BE5D8D00898BD0 /* RegisterViewModels.swift */; };
		8C4EA4DD28BE5F4600898BD0 /* SnapKit in Frameworks */ = {isa = PBXBuildFile; productRef = 8C4EA4DC28BE5F4600898BD0 /* SnapKit */; };
		8C552D1428D1D37000BB7293 /* GoogleSignIn in Frameworks */ = {isa = PBXBuildFile; productRef = 8C552D1328D1D37000BB7293 /* GoogleSignIn */; };
		8C552D1628D1D37000BB7293 /* GoogleSignInSwift in Frameworks */ = {isa = PBXBuildFile; productRef = 8C552D1528D1D37000BB7293 /* GoogleSignInSwift */; };
		8C67EC1429046CBA00A8DE80 /* UserDefault+Extension.swift in Sources */ = {isa = PBXBuildFile; fileRef = 8C67EC1329046CBA00A8DE80 /* UserDefault+Extension.swift */; };
		8C6B9DFB28DB8AEA003AF8DF /* FirebaseAuth in Frameworks */ = {isa = PBXBuildFile; productRef = 8C6B9DFA28DB8AEA003AF8DF /* FirebaseAuth */; };
		8C6B9DFD28DB8AEA003AF8DF /* FirebaseDatabase in Frameworks */ = {isa = PBXBuildFile; productRef = 8C6B9DFC28DB8AEA003AF8DF /* FirebaseDatabase */; };
		8C6B9DFF28DB8AEA003AF8DF /* FirebaseDatabaseSwift in Frameworks */ = {isa = PBXBuildFile; productRef = 8C6B9DFE28DB8AEA003AF8DF /* FirebaseDatabaseSwift */; };
		8C6B9E0128DB8AEA003AF8DF /* FirebaseFirestore in Frameworks */ = {isa = PBXBuildFile; productRef = 8C6B9E0028DB8AEA003AF8DF /* FirebaseFirestore */; };
		8C6B9E0328DB8AEA003AF8DF /* FirebaseFirestoreSwift in Frameworks */ = {isa = PBXBuildFile; productRef = 8C6B9E0228DB8AEA003AF8DF /* FirebaseFirestoreSwift */; };
		8C6B9E0528DB8AEA003AF8DF /* FirebaseStorage in Frameworks */ = {isa = PBXBuildFile; productRef = 8C6B9E0428DB8AEA003AF8DF /* FirebaseStorage */; };
		8C8842DE28DB60CF00C76F77 /* ChatViewModel.swift in Sources */ = {isa = PBXBuildFile; fileRef = 8C8842DD28DB60CF00C76F77 /* ChatViewModel.swift */; };
		8C8842E128DB636D00C76F77 /* NewConversationViewController.swift in Sources */ = {isa = PBXBuildFile; fileRef = 8C8842E028DB636D00C76F77 /* NewConversationViewController.swift */; };
		8C8E884528EF0868009EF93E /* ConversationsModel.swift in Sources */ = {isa = PBXBuildFile; fileRef = 8C8E884428EF0868009EF93E /* ConversationsModel.swift */; };
		8CBD2FC028BF7F690037D11D /* GoogleService-Info.plist in Resources */ = {isa = PBXBuildFile; fileRef = 8CBD2FBF28BF7F690037D11D /* GoogleService-Info.plist */; };
		8CBD2FC928BF832D0037D11D /* CustomTextfield.swift in Sources */ = {isa = PBXBuildFile; fileRef = 8CBD2FC828BF832D0037D11D /* CustomTextfield.swift */; };
		8CBD2FCB28BFB39A0037D11D /* AutManager.swift in Sources */ = {isa = PBXBuildFile; fileRef = 8CBD2FCA28BFB39A0037D11D /* AutManager.swift */; };
		8CBD2FCD28BFBF6F0037D11D /* UIViewController+Extension.swift in Sources */ = {isa = PBXBuildFile; fileRef = 8CBD2FCC28BFBF6F0037D11D /* UIViewController+Extension.swift */; };
		8CBD2FCF28C0F2190037D11D /* LoginViewModel.swift in Sources */ = {isa = PBXBuildFile; fileRef = 8CBD2FCE28C0F2190037D11D /* LoginViewModel.swift */; };
		8CBD2FD328C22AE70037D11D /* ChatListViewController.swift in Sources */ = {isa = PBXBuildFile; fileRef = 8CBD2FD228C22AE70037D11D /* ChatListViewController.swift */; };
		8CC51B9428D34E21004D24F8 /* Realm in Frameworks */ = {isa = PBXBuildFile; productRef = 8CC51B9328D34E21004D24F8 /* Realm */; };
		8CC51B9628D34E21004D24F8 /* RealmSwift in Frameworks */ = {isa = PBXBuildFile; productRef = 8CC51B9528D34E21004D24F8 /* RealmSwift */; };
		8CC51B9928D35087004D24F8 /* SDWebImage in Frameworks */ = {isa = PBXBuildFile; productRef = 8CC51B9828D35087004D24F8 /* SDWebImage */; };
		8CC51B9B28D35087004D24F8 /* SDWebImageMapKit in Frameworks */ = {isa = PBXBuildFile; productRef = 8CC51B9A28D35087004D24F8 /* SDWebImageMapKit */; };
		8CC51B9E28D35AFD004D24F8 /* ChatViewController.swift in Sources */ = {isa = PBXBuildFile; fileRef = 8CC51B9D28D35AFD004D24F8 /* ChatViewController.swift */; };
		8CD5031628DC8F5A001741F0 /* StorageManager.swift in Sources */ = {isa = PBXBuildFile; fileRef = 8CD5031528DC8F5A001741F0 /* StorageManager.swift */; };
		8CD5031928E1FB06001741F0 /* MessageModel.swift in Sources */ = {isa = PBXBuildFile; fileRef = 8CD5031828E1FB06001741F0 /* MessageModel.swift */; };
		8CD5031B28E20061001741F0 /* NewConversationViewModel.swift in Sources */ = {isa = PBXBuildFile; fileRef = 8CD5031A28E20061001741F0 /* NewConversationViewModel.swift */; };
		8CD5031D28E24476001741F0 /* String+Extensions.swift in Sources */ = {isa = PBXBuildFile; fileRef = 8CD5031C28E24476001741F0 /* String+Extensions.swift */; };
		8CD5031F28E8C66D001741F0 /* AuthManager+Extension.swift in Sources */ = {isa = PBXBuildFile; fileRef = 8CD5031E28E8C66D001741F0 /* AuthManager+Extension.swift */; };
		8CECAEDC28CB60BD0042F31B /* ChatListViewModel.swift in Sources */ = {isa = PBXBuildFile; fileRef = 8CECAEDB28CB60BD0042F31B /* ChatListViewModel.swift */; };
		8CECAEDE28CB615D0042F31B /* ChatListCell.swift in Sources */ = {isa = PBXBuildFile; fileRef = 8CECAEDD28CB615D0042F31B /* ChatListCell.swift */; };
		8CECAEE028CB63D30042F31B /* TypeAlias.swift in Sources */ = {isa = PBXBuildFile; fileRef = 8CECAEDF28CB63D30042F31B /* TypeAlias.swift */; };
		8CFFBB1728D348B200FE37B1 /* MessageKit in Frameworks */ = {isa = PBXBuildFile; productRef = 8CFFBB1628D348B200FE37B1 /* MessageKit */; };
		8CFFBB1A28D349FB00FE37B1 /* JGProgressHUD in Frameworks */ = {isa = PBXBuildFile; productRef = 8CFFBB1928D349FB00FE37B1 /* JGProgressHUD */; };
/* End PBXBuildFile section */

/* Begin PBXFileReference section */
		8C22FFF828CA4582009D6309 /* UserModel.swift */ = {isa = PBXFileReference; lastKnownFileType = sourcecode.swift; path = UserModel.swift; sourceTree = "<group>"; };
		8C22FFFD28CA566B009D6309 /* ProfileViewController.swift */ = {isa = PBXFileReference; lastKnownFileType = sourcecode.swift; path = ProfileViewController.swift; sourceTree = "<group>"; };
		8C2B4BA628DA1671009080B1 /* ProfileViewModel.swift */ = {isa = PBXFileReference; lastKnownFileType = sourcecode.swift; path = ProfileViewModel.swift; sourceTree = "<group>"; };
		8C38A46A28C8BC1F00201F93 /* DatabaseManager.swift */ = {isa = PBXFileReference; lastKnownFileType = sourcecode.swift; path = DatabaseManager.swift; sourceTree = "<group>"; };
		8C4EA4B928BE50D200898BD0 /* Messenger.app */ = {isa = PBXFileReference; explicitFileType = wrapper.application; includeInIndex = 0; path = Messenger.app; sourceTree = BUILT_PRODUCTS_DIR; };
		8C4EA4BC28BE50D200898BD0 /* AppDelegate.swift */ = {isa = PBXFileReference; lastKnownFileType = sourcecode.swift; path = AppDelegate.swift; sourceTree = "<group>"; };
		8C4EA4BE28BE50D200898BD0 /* SceneDelegate.swift */ = {isa = PBXFileReference; lastKnownFileType = sourcecode.swift; path = SceneDelegate.swift; sourceTree = "<group>"; };
		8C4EA4C528BE50D200898BD0 /* Assets.xcassets */ = {isa = PBXFileReference; lastKnownFileType = folder.assetcatalog; path = Assets.xcassets; sourceTree = "<group>"; };
		8C4EA4C828BE50D200898BD0 /* Base */ = {isa = PBXFileReference; lastKnownFileType = file.storyboard; name = Base; path = Base.lproj/LaunchScreen.storyboard; sourceTree = "<group>"; };
		8C4EA4CA28BE50D200898BD0 /* Info.plist */ = {isa = PBXFileReference; lastKnownFileType = text.plist.xml; path = Info.plist; sourceTree = "<group>"; };
		8C4EA4D228BE516F00898BD0 /* LoginViewController.swift */ = {isa = PBXFileReference; lastKnownFileType = sourcecode.swift; path = LoginViewController.swift; sourceTree = "<group>"; };
		8C4EA4D628BE5CC900898BD0 /* RegisterViewController.swift */ = {isa = PBXFileReference; lastKnownFileType = sourcecode.swift; path = RegisterViewController.swift; sourceTree = "<group>"; };
		8C4EA4D928BE5D8D00898BD0 /* RegisterViewModels.swift */ = {isa = PBXFileReference; lastKnownFileType = sourcecode.swift; path = RegisterViewModels.swift; sourceTree = "<group>"; };
		8C67EC1329046CBA00A8DE80 /* UserDefault+Extension.swift */ = {isa = PBXFileReference; lastKnownFileType = sourcecode.swift; path = "UserDefault+Extension.swift"; sourceTree = "<group>"; };
		8C8842DD28DB60CF00C76F77 /* ChatViewModel.swift */ = {isa = PBXFileReference; lastKnownFileType = sourcecode.swift; path = ChatViewModel.swift; sourceTree = "<group>"; };
		8C8842E028DB636D00C76F77 /* NewConversationViewController.swift */ = {isa = PBXFileReference; lastKnownFileType = sourcecode.swift; path = NewConversationViewController.swift; sourceTree = "<group>"; };
		8C8E884428EF0868009EF93E /* ConversationsModel.swift */ = {isa = PBXFileReference; lastKnownFileType = sourcecode.swift; path = ConversationsModel.swift; sourceTree = "<group>"; };
		8CBD2FBF28BF7F690037D11D /* GoogleService-Info.plist */ = {isa = PBXFileReference; fileEncoding = 4; lastKnownFileType = text.plist.xml; path = "GoogleService-Info.plist"; sourceTree = "<group>"; };
		8CBD2FC828BF832D0037D11D /* CustomTextfield.swift */ = {isa = PBXFileReference; lastKnownFileType = sourcecode.swift; path = CustomTextfield.swift; sourceTree = "<group>"; };
		8CBD2FCA28BFB39A0037D11D /* AutManager.swift */ = {isa = PBXFileReference; lastKnownFileType = sourcecode.swift; path = AutManager.swift; sourceTree = "<group>"; };
		8CBD2FCC28BFBF6F0037D11D /* UIViewController+Extension.swift */ = {isa = PBXFileReference; lastKnownFileType = sourcecode.swift; path = "UIViewController+Extension.swift"; sourceTree = "<group>"; };
		8CBD2FCE28C0F2190037D11D /* LoginViewModel.swift */ = {isa = PBXFileReference; lastKnownFileType = sourcecode.swift; path = LoginViewModel.swift; sourceTree = "<group>"; };
		8CBD2FD228C22AE70037D11D /* ChatListViewController.swift */ = {isa = PBXFileReference; lastKnownFileType = sourcecode.swift; path = ChatListViewController.swift; sourceTree = "<group>"; };
		8CC51B9D28D35AFD004D24F8 /* ChatViewController.swift */ = {isa = PBXFileReference; lastKnownFileType = sourcecode.swift; path = ChatViewController.swift; sourceTree = "<group>"; };
		8CD5031528DC8F5A001741F0 /* StorageManager.swift */ = {isa = PBXFileReference; lastKnownFileType = sourcecode.swift; path = StorageManager.swift; sourceTree = "<group>"; };
		8CD5031828E1FB06001741F0 /* MessageModel.swift */ = {isa = PBXFileReference; lastKnownFileType = sourcecode.swift; path = MessageModel.swift; sourceTree = "<group>"; };
		8CD5031A28E20061001741F0 /* NewConversationViewModel.swift */ = {isa = PBXFileReference; lastKnownFileType = sourcecode.swift; path = NewConversationViewModel.swift; sourceTree = "<group>"; };
		8CD5031C28E24476001741F0 /* String+Extensions.swift */ = {isa = PBXFileReference; lastKnownFileType = sourcecode.swift; path = "String+Extensions.swift"; sourceTree = "<group>"; };
		8CD5031E28E8C66D001741F0 /* AuthManager+Extension.swift */ = {isa = PBXFileReference; lastKnownFileType = sourcecode.swift; path = "AuthManager+Extension.swift"; sourceTree = "<group>"; };
		8CECAEDB28CB60BD0042F31B /* ChatListViewModel.swift */ = {isa = PBXFileReference; lastKnownFileType = sourcecode.swift; path = ChatListViewModel.swift; sourceTree = "<group>"; };
		8CECAEDD28CB615D0042F31B /* ChatListCell.swift */ = {isa = PBXFileReference; lastKnownFileType = sourcecode.swift; path = ChatListCell.swift; sourceTree = "<group>"; };
		8CECAEDF28CB63D30042F31B /* TypeAlias.swift */ = {isa = PBXFileReference; lastKnownFileType = sourcecode.swift; path = TypeAlias.swift; sourceTree = "<group>"; };
/* End PBXFileReference section */

/* Begin PBXFrameworksBuildPhase section */
		8C4EA4B628BE50D200898BD0 /* Frameworks */ = {
			isa = PBXFrameworksBuildPhase;
			buildActionMask = 2147483647;
			files = (
				8C6B9DFF28DB8AEA003AF8DF /* FirebaseDatabaseSwift in Frameworks */,
				8C6B9E0128DB8AEA003AF8DF /* FirebaseFirestore in Frameworks */,
				8C552D1428D1D37000BB7293 /* GoogleSignIn in Frameworks */,
				8C6B9E0328DB8AEA003AF8DF /* FirebaseFirestoreSwift in Frameworks */,
				8C6B9DFB28DB8AEA003AF8DF /* FirebaseAuth in Frameworks */,
				8CFFBB1728D348B200FE37B1 /* MessageKit in Frameworks */,
				8CFFBB1A28D349FB00FE37B1 /* JGProgressHUD in Frameworks */,
				8C552D1628D1D37000BB7293 /* GoogleSignInSwift in Frameworks */,
				8C6B9E0528DB8AEA003AF8DF /* FirebaseStorage in Frameworks */,
				8CC51B9428D34E21004D24F8 /* Realm in Frameworks */,
				8C4EA4DD28BE5F4600898BD0 /* SnapKit in Frameworks */,
				8CC51B9928D35087004D24F8 /* SDWebImage in Frameworks */,
				8C6B9DFD28DB8AEA003AF8DF /* FirebaseDatabase in Frameworks */,
				8CC51B9628D34E21004D24F8 /* RealmSwift in Frameworks */,
				8CC51B9B28D35087004D24F8 /* SDWebImageMapKit in Frameworks */,
			);
			runOnlyForDeploymentPostprocessing = 0;
		};
/* End PBXFrameworksBuildPhase section */

/* Begin PBXGroup section */
		8C22000028CB5F25009D6309 /* Constant */ = {
			isa = PBXGroup;
			children = (
				8CECAEDF28CB63D30042F31B /* TypeAlias.swift */,
			);
			path = Constant;
			sourceTree = "<group>";
		};
		8C22FFFF28CA5A27009D6309 /* Profile */ = {
			isa = PBXGroup;
			children = (
				8C22FFFD28CA566B009D6309 /* ProfileViewController.swift */,
				8C2B4BA628DA1671009080B1 /* ProfileViewModel.swift */,
			);
			path = Profile;
			sourceTree = "<group>";
		};
		8C4EA4B028BE50D200898BD0 = {
			isa = PBXGroup;
			children = (
				8C4EA4BB28BE50D200898BD0 /* Messenger */,
				8C4EA4BA28BE50D200898BD0 /* Products */,
			);
			sourceTree = "<group>";
		};
		8C4EA4BA28BE50D200898BD0 /* Products */ = {
			isa = PBXGroup;
			children = (
				8C4EA4B928BE50D200898BD0 /* Messenger.app */,
			);
			name = Products;
			sourceTree = "<group>";
		};
		8C4EA4BB28BE50D200898BD0 /* Messenger */ = {
			isa = PBXGroup;
			children = (
				8CD5031728DC9F9D001741F0 /* Models */,
				8CC51B9F28D35B5D004D24F8 /* Custom Views */,
				8C22000028CB5F25009D6309 /* Constant */,
				8CBD2FC728BF82D80037D11D /* Extensions */,
				8C4EA4D528BE5B8D00898BD0 /* Pages */,
				8CBD2FD028C0F22A0037D11D /* Firebase */,
				8C4EA4D028BE512900898BD0 /* Source */,
				8C4EA4C528BE50D200898BD0 /* Assets.xcassets */,
				8C4EA4C728BE50D200898BD0 /* LaunchScreen.storyboard */,
				8CBD2FBF28BF7F690037D11D /* GoogleService-Info.plist */,
				8C4EA4CA28BE50D200898BD0 /* Info.plist */,
			);
			path = Messenger;
			sourceTree = "<group>";
		};
		8C4EA4D028BE512900898BD0 /* Source */ = {
			isa = PBXGroup;
			children = (
				8C4EA4BE28BE50D200898BD0 /* SceneDelegate.swift */,
				8C4EA4BC28BE50D200898BD0 /* AppDelegate.swift */,
			);
			path = Source;
			sourceTree = "<group>";
		};
		8C4EA4D128BE515200898BD0 /* Login */ = {
			isa = PBXGroup;
			children = (
				8C4EA4D228BE516F00898BD0 /* LoginViewController.swift */,
				8CBD2FCE28C0F2190037D11D /* LoginViewModel.swift */,
			);
			path = Login;
			sourceTree = "<group>";
		};
		8C4EA4D428BE5B2B00898BD0 /* Register */ = {
			isa = PBXGroup;
			children = (
				8C4EA4D628BE5CC900898BD0 /* RegisterViewController.swift */,
				8C4EA4D928BE5D8D00898BD0 /* RegisterViewModels.swift */,
			);
			path = Register;
			sourceTree = "<group>";
		};
		8C4EA4D528BE5B8D00898BD0 /* Pages */ = {
			isa = PBXGroup;
			children = (
				8C8842DF28DB635300C76F77 /* NewConversation */,
				8C4EA4D428BE5B2B00898BD0 /* Register */,
				8C4EA4D128BE515200898BD0 /* Login */,
				8CC51B9C28D35AD8004D24F8 /* Chat */,
				8C22FFFF28CA5A27009D6309 /* Profile */,
				8CBD2FD128C22ACD0037D11D /* ChatList */,
			);
			path = Pages;
			sourceTree = "<group>";
		};
		8C8842DF28DB635300C76F77 /* NewConversation */ = {
			isa = PBXGroup;
			children = (
				8C8842E028DB636D00C76F77 /* NewConversationViewController.swift */,
				8CD5031A28E20061001741F0 /* NewConversationViewModel.swift */,
			);
			path = NewConversation;
			sourceTree = "<group>";
		};
		8CBD2FC728BF82D80037D11D /* Extensions */ = {
			isa = PBXGroup;
			children = (
				8CBD2FCC28BFBF6F0037D11D /* UIViewController+Extension.swift */,
				8CD5031C28E24476001741F0 /* String+Extensions.swift */,
				8CD5031E28E8C66D001741F0 /* AuthManager+Extension.swift */,
				8C67EC1329046CBA00A8DE80 /* UserDefault+Extension.swift */,
			);
			path = Extensions;
			sourceTree = "<group>";
		};
		8CBD2FD028C0F22A0037D11D /* Firebase */ = {
			isa = PBXGroup;
			children = (
				8CBD2FCA28BFB39A0037D11D /* AutManager.swift */,
				8C38A46A28C8BC1F00201F93 /* DatabaseManager.swift */,
				8CD5031528DC8F5A001741F0 /* StorageManager.swift */,
			);
			path = Firebase;
			sourceTree = "<group>";
		};
		8CBD2FD128C22ACD0037D11D /* ChatList */ = {
			isa = PBXGroup;
			children = (
				8CECAEE128CB66510042F31B /* ChatListCell */,
				8CBD2FD228C22AE70037D11D /* ChatListViewController.swift */,
				8CECAEDB28CB60BD0042F31B /* ChatListViewModel.swift */,
			);
			path = ChatList;
			sourceTree = "<group>";
		};
		8CC51B9C28D35AD8004D24F8 /* Chat */ = {
			isa = PBXGroup;
			children = (
				8CC51B9D28D35AFD004D24F8 /* ChatViewController.swift */,
				8C8842DD28DB60CF00C76F77 /* ChatViewModel.swift */,
			);
			path = Chat;
			sourceTree = "<group>";
		};
		8CC51B9F28D35B5D004D24F8 /* Custom Views */ = {
			isa = PBXGroup;
			children = (
				8CBD2FC828BF832D0037D11D /* CustomTextfield.swift */,
			);
			path = "Custom Views";
			sourceTree = "<group>";
		};
		8CD5031728DC9F9D001741F0 /* Models */ = {
			isa = PBXGroup;
			children = (
				8C22FFF828CA4582009D6309 /* UserModel.swift */,
				8CD5031828E1FB06001741F0 /* MessageModel.swift */,
				8C8E884428EF0868009EF93E /* ConversationsModel.swift */,
			);
			path = Models;
			sourceTree = "<group>";
		};
		8CECAEE128CB66510042F31B /* ChatListCell */ = {
			isa = PBXGroup;
			children = (
				8CECAEDD28CB615D0042F31B /* ChatListCell.swift */,
			);
			path = ChatListCell;
			sourceTree = "<group>";
		};
/* End PBXGroup section */

/* Begin PBXNativeTarget section */
		8C4EA4B828BE50D200898BD0 /* Messenger */ = {
			isa = PBXNativeTarget;
			buildConfigurationList = 8C4EA4CD28BE50D200898BD0 /* Build configuration list for PBXNativeTarget "Messenger" */;
			buildPhases = (
				8C4EA4B528BE50D200898BD0 /* Sources */,
				8C4EA4B628BE50D200898BD0 /* Frameworks */,
				8C4EA4B728BE50D200898BD0 /* Resources */,
			);
			buildRules = (
			);
			dependencies = (
			);
			name = Messenger;
			packageProductDependencies = (
				8C4EA4DC28BE5F4600898BD0 /* SnapKit */,
				8C552D1328D1D37000BB7293 /* GoogleSignIn */,
				8C552D1528D1D37000BB7293 /* GoogleSignInSwift */,
				8CFFBB1628D348B200FE37B1 /* MessageKit */,
				8CFFBB1928D349FB00FE37B1 /* JGProgressHUD */,
				8CC51B9328D34E21004D24F8 /* Realm */,
				8CC51B9528D34E21004D24F8 /* RealmSwift */,
				8CC51B9828D35087004D24F8 /* SDWebImage */,
				8CC51B9A28D35087004D24F8 /* SDWebImageMapKit */,
				8C6B9DFA28DB8AEA003AF8DF /* FirebaseAuth */,
				8C6B9DFC28DB8AEA003AF8DF /* FirebaseDatabase */,
				8C6B9DFE28DB8AEA003AF8DF /* FirebaseDatabaseSwift */,
				8C6B9E0028DB8AEA003AF8DF /* FirebaseFirestore */,
				8C6B9E0228DB8AEA003AF8DF /* FirebaseFirestoreSwift */,
				8C6B9E0428DB8AEA003AF8DF /* FirebaseStorage */,
			);
			productName = Messenger;
			productReference = 8C4EA4B928BE50D200898BD0 /* Messenger.app */;
			productType = "com.apple.product-type.application";
		};
/* End PBXNativeTarget section */

/* Begin PBXProject section */
		8C4EA4B128BE50D200898BD0 /* Project object */ = {
			isa = PBXProject;
			attributes = {
				BuildIndependentTargetsInParallel = 1;
				LastSwiftUpdateCheck = 1340;
				LastUpgradeCheck = 1340;
				TargetAttributes = {
					8C4EA4B828BE50D200898BD0 = {
						CreatedOnToolsVersion = 13.4.1;
					};
				};
			};
			buildConfigurationList = 8C4EA4B428BE50D200898BD0 /* Build configuration list for PBXProject "Messenger" */;
			compatibilityVersion = "Xcode 13.0";
			developmentRegion = en;
			hasScannedForEncodings = 0;
			knownRegions = (
				en,
				Base,
			);
			mainGroup = 8C4EA4B028BE50D200898BD0;
			packageReferences = (
				8C4EA4DB28BE5F4600898BD0 /* XCRemoteSwiftPackageReference "SnapKit" */,
				8C552D1228D1D37000BB7293 /* XCRemoteSwiftPackageReference "GoogleSignIn-iOS" */,
				8CFFBB1528D348B200FE37B1 /* XCRemoteSwiftPackageReference "MessageKit" */,
				8CFFBB1828D349FB00FE37B1 /* XCRemoteSwiftPackageReference "JGProgressHUD" */,
				8CC51B9228D34E21004D24F8 /* XCRemoteSwiftPackageReference "realm-swift" */,
				8CC51B9728D35087004D24F8 /* XCRemoteSwiftPackageReference "SDWebImage" */,
				8C6B9DF928DB8AEA003AF8DF /* XCRemoteSwiftPackageReference "firebase-ios-sdk" */,
			);
			productRefGroup = 8C4EA4BA28BE50D200898BD0 /* Products */;
			projectDirPath = "";
			projectRoot = "";
			targets = (
				8C4EA4B828BE50D200898BD0 /* Messenger */,
			);
		};
/* End PBXProject section */

/* Begin PBXResourcesBuildPhase section */
		8C4EA4B728BE50D200898BD0 /* Resources */ = {
			isa = PBXResourcesBuildPhase;
			buildActionMask = 2147483647;
			files = (
				8C4EA4C928BE50D200898BD0 /* LaunchScreen.storyboard in Resources */,
				8C4EA4C628BE50D200898BD0 /* Assets.xcassets in Resources */,
				8CBD2FC028BF7F690037D11D /* GoogleService-Info.plist in Resources */,
			);
			runOnlyForDeploymentPostprocessing = 0;
		};
/* End PBXResourcesBuildPhase section */

/* Begin PBXSourcesBuildPhase section */
		8C4EA4B528BE50D200898BD0 /* Sources */ = {
			isa = PBXSourcesBuildPhase;
			buildActionMask = 2147483647;
			files = (
				8C8E884528EF0868009EF93E /* ConversationsModel.swift in Sources */,
				8CBD2FC928BF832D0037D11D /* CustomTextfield.swift in Sources */,
				8CBD2FCB28BFB39A0037D11D /* AutManager.swift in Sources */,
				8CBD2FCD28BFBF6F0037D11D /* UIViewController+Extension.swift in Sources */,
				8CD5031628DC8F5A001741F0 /* StorageManager.swift in Sources */,
				8C67EC1429046CBA00A8DE80 /* UserDefault+Extension.swift in Sources */,
				8C4EA4DA28BE5D8D00898BD0 /* RegisterViewModels.swift in Sources */,
				8C4EA4D328BE516F00898BD0 /* LoginViewController.swift in Sources */,
				8CECAEDC28CB60BD0042F31B /* ChatListViewModel.swift in Sources */,
				8C22FFF928CA4582009D6309 /* UserModel.swift in Sources */,
				8C4EA4D728BE5CC900898BD0 /* RegisterViewController.swift in Sources */,
				8CECAEE028CB63D30042F31B /* TypeAlias.swift in Sources */,
				8CBD2FD328C22AE70037D11D /* ChatListViewController.swift in Sources */,
				8CECAEDE28CB615D0042F31B /* ChatListCell.swift in Sources */,
				8C8842DE28DB60CF00C76F77 /* ChatViewModel.swift in Sources */,
				8CD5031F28E8C66D001741F0 /* AuthManager+Extension.swift in Sources */,
				8CC51B9E28D35AFD004D24F8 /* ChatViewController.swift in Sources */,
				8C2B4BA728DA1671009080B1 /* ProfileViewModel.swift in Sources */,
				8CD5031B28E20061001741F0 /* NewConversationViewModel.swift in Sources */,
				8C4EA4BD28BE50D200898BD0 /* AppDelegate.swift in Sources */,
				8CBD2FCF28C0F2190037D11D /* LoginViewModel.swift in Sources */,
				8C22FFFE28CA566B009D6309 /* ProfileViewController.swift in Sources */,
				8C4EA4BF28BE50D200898BD0 /* SceneDelegate.swift in Sources */,
				8CD5031D28E24476001741F0 /* String+Extensions.swift in Sources */,
				8CD5031928E1FB06001741F0 /* MessageModel.swift in Sources */,
				8C8842E128DB636D00C76F77 /* NewConversationViewController.swift in Sources */,
				8C38A46B28C8BC1F00201F93 /* DatabaseManager.swift in Sources */,
			);
			runOnlyForDeploymentPostprocessing = 0;
		};
/* End PBXSourcesBuildPhase section */

/* Begin PBXVariantGroup section */
		8C4EA4C728BE50D200898BD0 /* LaunchScreen.storyboard */ = {
			isa = PBXVariantGroup;
			children = (
				8C4EA4C828BE50D200898BD0 /* Base */,
			);
			name = LaunchScreen.storyboard;
			sourceTree = "<group>";
		};
/* End PBXVariantGroup section */

/* Begin XCBuildConfiguration section */
		8C4EA4CB28BE50D200898BD0 /* Debug */ = {
			isa = XCBuildConfiguration;
			buildSettings = {
				ALWAYS_SEARCH_USER_PATHS = NO;
				CLANG_ANALYZER_NONNULL = YES;
				CLANG_ANALYZER_NUMBER_OBJECT_CONVERSION = YES_AGGRESSIVE;
				CLANG_CXX_LANGUAGE_STANDARD = "gnu++17";
				CLANG_ENABLE_MODULES = YES;
				CLANG_ENABLE_OBJC_ARC = YES;
				CLANG_ENABLE_OBJC_WEAK = YES;
				CLANG_WARN_BLOCK_CAPTURE_AUTORELEASING = YES;
				CLANG_WARN_BOOL_CONVERSION = YES;
				CLANG_WARN_COMMA = YES;
				CLANG_WARN_CONSTANT_CONVERSION = YES;
				CLANG_WARN_DEPRECATED_OBJC_IMPLEMENTATIONS = YES;
				CLANG_WARN_DIRECT_OBJC_ISA_USAGE = YES_ERROR;
				CLANG_WARN_DOCUMENTATION_COMMENTS = YES;
				CLANG_WARN_EMPTY_BODY = YES;
				CLANG_WARN_ENUM_CONVERSION = YES;
				CLANG_WARN_INFINITE_RECURSION = YES;
				CLANG_WARN_INT_CONVERSION = YES;
				CLANG_WARN_NON_LITERAL_NULL_CONVERSION = YES;
				CLANG_WARN_OBJC_IMPLICIT_RETAIN_SELF = YES;
				CLANG_WARN_OBJC_LITERAL_CONVERSION = YES;
				CLANG_WARN_OBJC_ROOT_CLASS = YES_ERROR;
				CLANG_WARN_QUOTED_INCLUDE_IN_FRAMEWORK_HEADER = YES;
				CLANG_WARN_RANGE_LOOP_ANALYSIS = YES;
				CLANG_WARN_STRICT_PROTOTYPES = YES;
				CLANG_WARN_SUSPICIOUS_MOVE = YES;
				CLANG_WARN_UNGUARDED_AVAILABILITY = YES_AGGRESSIVE;
				CLANG_WARN_UNREACHABLE_CODE = YES;
				CLANG_WARN__DUPLICATE_METHOD_MATCH = YES;
				COPY_PHASE_STRIP = NO;
				DEBUG_INFORMATION_FORMAT = dwarf;
				ENABLE_STRICT_OBJC_MSGSEND = YES;
				ENABLE_TESTABILITY = YES;
				GCC_C_LANGUAGE_STANDARD = gnu11;
				GCC_DYNAMIC_NO_PIC = NO;
				GCC_NO_COMMON_BLOCKS = YES;
				GCC_OPTIMIZATION_LEVEL = 0;
				GCC_PREPROCESSOR_DEFINITIONS = (
					"DEBUG=1",
					"$(inherited)",
				);
				GCC_WARN_64_TO_32_BIT_CONVERSION = YES;
				GCC_WARN_ABOUT_RETURN_TYPE = YES_ERROR;
				GCC_WARN_UNDECLARED_SELECTOR = YES;
				GCC_WARN_UNINITIALIZED_AUTOS = YES_AGGRESSIVE;
				GCC_WARN_UNUSED_FUNCTION = YES;
				GCC_WARN_UNUSED_VARIABLE = YES;
				IPHONEOS_DEPLOYMENT_TARGET = 15.5;
				MTL_ENABLE_DEBUG_INFO = INCLUDE_SOURCE;
				MTL_FAST_MATH = YES;
				ONLY_ACTIVE_ARCH = YES;
				SDKROOT = iphoneos;
				SWIFT_ACTIVE_COMPILATION_CONDITIONS = DEBUG;
				SWIFT_OPTIMIZATION_LEVEL = "-Onone";
			};
			name = Debug;
		};
		8C4EA4CC28BE50D200898BD0 /* Release */ = {
			isa = XCBuildConfiguration;
			buildSettings = {
				ALWAYS_SEARCH_USER_PATHS = NO;
				CLANG_ANALYZER_NONNULL = YES;
				CLANG_ANALYZER_NUMBER_OBJECT_CONVERSION = YES_AGGRESSIVE;
				CLANG_CXX_LANGUAGE_STANDARD = "gnu++17";
				CLANG_ENABLE_MODULES = YES;
				CLANG_ENABLE_OBJC_ARC = YES;
				CLANG_ENABLE_OBJC_WEAK = YES;
				CLANG_WARN_BLOCK_CAPTURE_AUTORELEASING = YES;
				CLANG_WARN_BOOL_CONVERSION = YES;
				CLANG_WARN_COMMA = YES;
				CLANG_WARN_CONSTANT_CONVERSION = YES;
				CLANG_WARN_DEPRECATED_OBJC_IMPLEMENTATIONS = YES;
				CLANG_WARN_DIRECT_OBJC_ISA_USAGE = YES_ERROR;
				CLANG_WARN_DOCUMENTATION_COMMENTS = YES;
				CLANG_WARN_EMPTY_BODY = YES;
				CLANG_WARN_ENUM_CONVERSION = YES;
				CLANG_WARN_INFINITE_RECURSION = YES;
				CLANG_WARN_INT_CONVERSION = YES;
				CLANG_WARN_NON_LITERAL_NULL_CONVERSION = YES;
				CLANG_WARN_OBJC_IMPLICIT_RETAIN_SELF = YES;
				CLANG_WARN_OBJC_LITERAL_CONVERSION = YES;
				CLANG_WARN_OBJC_ROOT_CLASS = YES_ERROR;
				CLANG_WARN_QUOTED_INCLUDE_IN_FRAMEWORK_HEADER = YES;
				CLANG_WARN_RANGE_LOOP_ANALYSIS = YES;
				CLANG_WARN_STRICT_PROTOTYPES = YES;
				CLANG_WARN_SUSPICIOUS_MOVE = YES;
				CLANG_WARN_UNGUARDED_AVAILABILITY = YES_AGGRESSIVE;
				CLANG_WARN_UNREACHABLE_CODE = YES;
				CLANG_WARN__DUPLICATE_METHOD_MATCH = YES;
				COPY_PHASE_STRIP = NO;
				DEBUG_INFORMATION_FORMAT = "dwarf-with-dsym";
				ENABLE_NS_ASSERTIONS = NO;
				ENABLE_STRICT_OBJC_MSGSEND = YES;
				GCC_C_LANGUAGE_STANDARD = gnu11;
				GCC_NO_COMMON_BLOCKS = YES;
				GCC_WARN_64_TO_32_BIT_CONVERSION = YES;
				GCC_WARN_ABOUT_RETURN_TYPE = YES_ERROR;
				GCC_WARN_UNDECLARED_SELECTOR = YES;
				GCC_WARN_UNINITIALIZED_AUTOS = YES_AGGRESSIVE;
				GCC_WARN_UNUSED_FUNCTION = YES;
				GCC_WARN_UNUSED_VARIABLE = YES;
				IPHONEOS_DEPLOYMENT_TARGET = 15.5;
				MTL_ENABLE_DEBUG_INFO = NO;
				MTL_FAST_MATH = YES;
				SDKROOT = iphoneos;
				SWIFT_COMPILATION_MODE = wholemodule;
				SWIFT_OPTIMIZATION_LEVEL = "-O";
				VALIDATE_PRODUCT = YES;
			};
			name = Release;
		};
		8C4EA4CE28BE50D200898BD0 /* Debug */ = {
			isa = XCBuildConfiguration;
			buildSettings = {
				ASSETCATALOG_COMPILER_APPICON_NAME = AppIcon;
				ASSETCATALOG_COMPILER_GLOBAL_ACCENT_COLOR_NAME = AccentColor;
				CODE_SIGN_STYLE = Automatic;
				CURRENT_PROJECT_VERSION = 1;
				GENERATE_INFOPLIST_FILE = YES;
				INFOPLIST_FILE = Messenger/Info.plist;
				INFOPLIST_KEY_NSCameraUsageDescription = "Please allow us to take a profile pic?";
				INFOPLIST_KEY_NSPhotoLibraryUsageDescription = "Please allow us for select a profile pic?";
				INFOPLIST_KEY_UIApplicationSupportsIndirectInputEvents = YES;
				INFOPLIST_KEY_UILaunchStoryboardName = LaunchScreen;
				INFOPLIST_KEY_UIMainStoryboardFile = "";
				INFOPLIST_KEY_UISupportedInterfaceOrientations = UIInterfaceOrientationPortrait;
				INFOPLIST_KEY_UISupportedInterfaceOrientations_iPad = "UIInterfaceOrientationPortrait UIInterfaceOrientationPortraitUpsideDown UIInterfaceOrientationLandscapeLeft UIInterfaceOrientationLandscapeRight";
				INFOPLIST_KEY_UISupportedInterfaceOrientations_iPhone = "UIInterfaceOrientationPortrait UIInterfaceOrientationLandscapeLeft UIInterfaceOrientationLandscapeRight";
				LD_RUNPATH_SEARCH_PATHS = (
					"$(inherited)",
					"@executable_path/Frameworks",
				);
				MARKETING_VERSION = 1.0.1;
				PRODUCT_BUNDLE_IDENTIFIER = "by-knturn.Messenger";
				PRODUCT_NAME = "$(TARGET_NAME)";
				SWIFT_EMIT_LOC_STRINGS = YES;
				SWIFT_VERSION = 5.0;
				TARGETED_DEVICE_FAMILY = 1;
			};
			name = Debug;
		};
		8C4EA4CF28BE50D200898BD0 /* Release */ = {
			isa = XCBuildConfiguration;
			buildSettings = {
				ASSETCATALOG_COMPILER_APPICON_NAME = AppIcon;
				ASSETCATALOG_COMPILER_GLOBAL_ACCENT_COLOR_NAME = AccentColor;
				CODE_SIGN_STYLE = Automatic;
				CURRENT_PROJECT_VERSION = 1;
				GENERATE_INFOPLIST_FILE = YES;
				INFOPLIST_FILE = Messenger/Info.plist;
				INFOPLIST_KEY_NSCameraUsageDescription = "Please allow us to take a profile pic?";
				INFOPLIST_KEY_NSPhotoLibraryUsageDescription = "Please allow us for select a profile pic?";
				INFOPLIST_KEY_UIApplicationSupportsIndirectInputEvents = YES;
				INFOPLIST_KEY_UILaunchStoryboardName = LaunchScreen;
				INFOPLIST_KEY_UIMainStoryboardFile = "";
				INFOPLIST_KEY_UISupportedInterfaceOrientations = UIInterfaceOrientationPortrait;
				INFOPLIST_KEY_UISupportedInterfaceOrientations_iPad = "UIInterfaceOrientationPortrait UIInterfaceOrientationPortraitUpsideDown UIInterfaceOrientationLandscapeLeft UIInterfaceOrientationLandscapeRight";
				INFOPLIST_KEY_UISupportedInterfaceOrientations_iPhone = "UIInterfaceOrientationPortrait UIInterfaceOrientationLandscapeLeft UIInterfaceOrientationLandscapeRight";
				LD_RUNPATH_SEARCH_PATHS = (
					"$(inherited)",
					"@executable_path/Frameworks",
				);
				MARKETING_VERSION = 1.0.1;
				PRODUCT_BUNDLE_IDENTIFIER = "by-knturn.Messenger";
				PRODUCT_NAME = "$(TARGET_NAME)";
				SWIFT_EMIT_LOC_STRINGS = YES;
				SWIFT_VERSION = 5.0;
				TARGETED_DEVICE_FAMILY = 1;
			};
			name = Release;
		};
/* End XCBuildConfiguration section */

/* Begin XCConfigurationList section */
		8C4EA4B428BE50D200898BD0 /* Build configuration list for PBXProject "Messenger" */ = {
			isa = XCConfigurationList;
			buildConfigurations = (
				8C4EA4CB28BE50D200898BD0 /* Debug */,
				8C4EA4CC28BE50D200898BD0 /* Release */,
			);
			defaultConfigurationIsVisible = 0;
			defaultConfigurationName = Release;
		};
		8C4EA4CD28BE50D200898BD0 /* Build configuration list for PBXNativeTarget "Messenger" */ = {
			isa = XCConfigurationList;
			buildConfigurations = (
				8C4EA4CE28BE50D200898BD0 /* Debug */,
				8C4EA4CF28BE50D200898BD0 /* Release */,
			);
			defaultConfigurationIsVisible = 0;
			defaultConfigurationName = Release;
		};
/* End XCConfigurationList section */

/* Begin XCRemoteSwiftPackageReference section */
		8C4EA4DB28BE5F4600898BD0 /* XCRemoteSwiftPackageReference "SnapKit" */ = {
			isa = XCRemoteSwiftPackageReference;
			repositoryURL = "https://github.com/SnapKit/SnapKit.git";
			requirement = {
				kind = upToNextMajorVersion;
				minimumVersion = 5.0.0;
			};
		};
		8C552D1228D1D37000BB7293 /* XCRemoteSwiftPackageReference "GoogleSignIn-iOS" */ = {
			isa = XCRemoteSwiftPackageReference;
			repositoryURL = "https://github.com/google/GoogleSignIn-iOS.git";
			requirement = {
				kind = upToNextMajorVersion;
				minimumVersion = 6.0.0;
			};
		};
		8C6B9DF928DB8AEA003AF8DF /* XCRemoteSwiftPackageReference "firebase-ios-sdk" */ = {
			isa = XCRemoteSwiftPackageReference;
			repositoryURL = "https://github.com/firebase/firebase-ios-sdk";
			requirement = {
				kind = upToNextMajorVersion;
				minimumVersion = 9.0.0;
			};
		};
		8CC51B9228D34E21004D24F8 /* XCRemoteSwiftPackageReference "realm-swift" */ = {
			isa = XCRemoteSwiftPackageReference;
			repositoryURL = "https://github.com/realm/realm-swift.git";
			requirement = {
				kind = upToNextMajorVersion;
				minimumVersion = 10.29.0;
			};
		};
		8CC51B9728D35087004D24F8 /* XCRemoteSwiftPackageReference "SDWebImage" */ = {
			isa = XCRemoteSwiftPackageReference;
			repositoryURL = "https://github.com/SDWebImage/SDWebImage.git";
			requirement = {
				kind = upToNextMajorVersion;
				minimumVersion = 5.1.0;
			};
		};
		8CFFBB1528D348B200FE37B1 /* XCRemoteSwiftPackageReference "MessageKit" */ = {
			isa = XCRemoteSwiftPackageReference;
			repositoryURL = "https://github.com/MessageKit/MessageKit";
			requirement = {
				kind = upToNextMajorVersion;
				minimumVersion = 4.0.0;
			};
		};
		8CFFBB1828D349FB00FE37B1 /* XCRemoteSwiftPackageReference "JGProgressHUD" */ = {
			isa = XCRemoteSwiftPackageReference;
			repositoryURL = "https://github.com/JonasGessner/JGProgressHUD.git";
			requirement = {
				kind = upToNextMajorVersion;
				minimumVersion = 2.0.0;
			};
		};
/* End XCRemoteSwiftPackageReference section */

/* Begin XCSwiftPackageProductDependency section */
		8C4EA4DC28BE5F4600898BD0 /* SnapKit */ = {
			isa = XCSwiftPackageProductDependency;
			package = 8C4EA4DB28BE5F4600898BD0 /* XCRemoteSwiftPackageReference "SnapKit" */;
			productName = SnapKit;
		};
		8C552D1328D1D37000BB7293 /* GoogleSignIn */ = {
			isa = XCSwiftPackageProductDependency;
			package = 8C552D1228D1D37000BB7293 /* XCRemoteSwiftPackageReference "GoogleSignIn-iOS" */;
			productName = GoogleSignIn;
		};
		8C552D1528D1D37000BB7293 /* GoogleSignInSwift */ = {
			isa = XCSwiftPackageProductDependency;
			package = 8C552D1228D1D37000BB7293 /* XCRemoteSwiftPackageReference "GoogleSignIn-iOS" */;
			productName = GoogleSignInSwift;
		};
		8C6B9DFA28DB8AEA003AF8DF /* FirebaseAuth */ = {
			isa = XCSwiftPackageProductDependency;
			package = 8C6B9DF928DB8AEA003AF8DF /* XCRemoteSwiftPackageReference "firebase-ios-sdk" */;
			productName = FirebaseAuth;
		};
		8C6B9DFC28DB8AEA003AF8DF /* FirebaseDatabase */ = {
			isa = XCSwiftPackageProductDependency;
			package = 8C6B9DF928DB8AEA003AF8DF /* XCRemoteSwiftPackageReference "firebase-ios-sdk" */;
			productName = FirebaseDatabase;
		};
		8C6B9DFE28DB8AEA003AF8DF /* FirebaseDatabaseSwift */ = {
			isa = XCSwiftPackageProductDependency;
			package = 8C6B9DF928DB8AEA003AF8DF /* XCRemoteSwiftPackageReference "firebase-ios-sdk" */;
			productName = FirebaseDatabaseSwift;
		};
		8C6B9E0028DB8AEA003AF8DF /* FirebaseFirestore */ = {
			isa = XCSwiftPackageProductDependency;
			package = 8C6B9DF928DB8AEA003AF8DF /* XCRemoteSwiftPackageReference "firebase-ios-sdk" */;
			productName = FirebaseFirestore;
		};
		8C6B9E0228DB8AEA003AF8DF /* FirebaseFirestoreSwift */ = {
			isa = XCSwiftPackageProductDependency;
			package = 8C6B9DF928DB8AEA003AF8DF /* XCRemoteSwiftPackageReference "firebase-ios-sdk" */;
			productName = FirebaseFirestoreSwift;
		};
		8C6B9E0428DB8AEA003AF8DF /* FirebaseStorage */ = {
			isa = XCSwiftPackageProductDependency;
			package = 8C6B9DF928DB8AEA003AF8DF /* XCRemoteSwiftPackageReference "firebase-ios-sdk" */;
			productName = FirebaseStorage;
		};
		8CC51B9328D34E21004D24F8 /* Realm */ = {
			isa = XCSwiftPackageProductDependency;
			package = 8CC51B9228D34E21004D24F8 /* XCRemoteSwiftPackageReference "realm-swift" */;
			productName = Realm;
		};
		8CC51B9528D34E21004D24F8 /* RealmSwift */ = {
			isa = XCSwiftPackageProductDependency;
			package = 8CC51B9228D34E21004D24F8 /* XCRemoteSwiftPackageReference "realm-swift" */;
			productName = RealmSwift;
		};
		8CC51B9828D35087004D24F8 /* SDWebImage */ = {
			isa = XCSwiftPackageProductDependency;
			package = 8CC51B9728D35087004D24F8 /* XCRemoteSwiftPackageReference "SDWebImage" */;
			productName = SDWebImage;
		};
		8CC51B9A28D35087004D24F8 /* SDWebImageMapKit */ = {
			isa = XCSwiftPackageProductDependency;
			package = 8CC51B9728D35087004D24F8 /* XCRemoteSwiftPackageReference "SDWebImage" */;
			productName = SDWebImageMapKit;
		};
		8CFFBB1628D348B200FE37B1 /* MessageKit */ = {
			isa = XCSwiftPackageProductDependency;
			package = 8CFFBB1528D348B200FE37B1 /* XCRemoteSwiftPackageReference "MessageKit" */;
			productName = MessageKit;
		};
		8CFFBB1928D349FB00FE37B1 /* JGProgressHUD */ = {
			isa = XCSwiftPackageProductDependency;
			package = 8CFFBB1828D349FB00FE37B1 /* XCRemoteSwiftPackageReference "JGProgressHUD" */;
			productName = JGProgressHUD;
		};
/* End XCSwiftPackageProductDependency section */
	};
	rootObject = 8C4EA4B128BE50D200898BD0 /* Project object */;
}
