// !$*UTF8*$!
{
	archiveVersion = 1;
	classes = {
	};
	objectVersion = 55;
	objects = {

/* Begin PBXBuildFile section */
		8C22FFF328CA39DF009D6309 /* FirebaseAuth in Frameworks */ = {isa = PBXBuildFile; productRef = 8C22FFF228CA39DF009D6309 /* FirebaseAuth */; };
		8C22FFF528CA39DF009D6309 /* FirebaseDatabase in Frameworks */ = {isa = PBXBuildFile; productRef = 8C22FFF428CA39DF009D6309 /* FirebaseDatabase */; };
		8C22FFF728CA39DF009D6309 /* FirebaseFirestore in Frameworks */ = {isa = PBXBuildFile; productRef = 8C22FFF628CA39DF009D6309 /* FirebaseFirestore */; };
		8C22FFF928CA4582009D6309 /* UserModel.swift in Sources */ = {isa = PBXBuildFile; fileRef = 8C22FFF828CA4582009D6309 /* UserModel.swift */; };
		8C22FFFE28CA566B009D6309 /* ProfileViewController.swift in Sources */ = {isa = PBXBuildFile; fileRef = 8C22FFFD28CA566B009D6309 /* ProfileViewController.swift */; };
		8C38A46B28C8BC1F00201F93 /* Firebase DatabaseManager.swift in Sources */ = {isa = PBXBuildFile; fileRef = 8C38A46A28C8BC1F00201F93 /* Firebase DatabaseManager.swift */; };
		8C4EA4BD28BE50D200898BD0 /* AppDelegate.swift in Sources */ = {isa = PBXBuildFile; fileRef = 8C4EA4BC28BE50D200898BD0 /* AppDelegate.swift */; };
		8C4EA4BF28BE50D200898BD0 /* SceneDelegate.swift in Sources */ = {isa = PBXBuildFile; fileRef = 8C4EA4BE28BE50D200898BD0 /* SceneDelegate.swift */; };
		8C4EA4C628BE50D200898BD0 /* Assets.xcassets in Resources */ = {isa = PBXBuildFile; fileRef = 8C4EA4C528BE50D200898BD0 /* Assets.xcassets */; };
		8C4EA4C928BE50D200898BD0 /* LaunchScreen.storyboard in Resources */ = {isa = PBXBuildFile; fileRef = 8C4EA4C728BE50D200898BD0 /* LaunchScreen.storyboard */; };
		8C4EA4D328BE516F00898BD0 /* LoginViewController.swift in Sources */ = {isa = PBXBuildFile; fileRef = 8C4EA4D228BE516F00898BD0 /* LoginViewController.swift */; };
		8C4EA4D728BE5CC900898BD0 /* RegisterViewController.swift in Sources */ = {isa = PBXBuildFile; fileRef = 8C4EA4D628BE5CC900898BD0 /* RegisterViewController.swift */; };
		8C4EA4DA28BE5D8D00898BD0 /* RegisterViewModels.swift in Sources */ = {isa = PBXBuildFile; fileRef = 8C4EA4D928BE5D8D00898BD0 /* RegisterViewModels.swift */; };
		8C4EA4DD28BE5F4600898BD0 /* SnapKit in Frameworks */ = {isa = PBXBuildFile; productRef = 8C4EA4DC28BE5F4600898BD0 /* SnapKit */; };
		8C552D1428D1D37000BB7293 /* GoogleSignIn in Frameworks */ = {isa = PBXBuildFile; productRef = 8C552D1328D1D37000BB7293 /* GoogleSignIn */; };
		8C552D1628D1D37000BB7293 /* GoogleSignInSwift in Frameworks */ = {isa = PBXBuildFile; productRef = 8C552D1528D1D37000BB7293 /* GoogleSignInSwift */; };
		8CBD2FC028BF7F690037D11D /* GoogleService-Info.plist in Resources */ = {isa = PBXBuildFile; fileRef = 8CBD2FBF28BF7F690037D11D /* GoogleService-Info.plist */; };
		8CBD2FC928BF832D0037D11D /* CustomTextfield.swift in Sources */ = {isa = PBXBuildFile; fileRef = 8CBD2FC828BF832D0037D11D /* CustomTextfield.swift */; };
		8CBD2FCB28BFB39A0037D11D /* FirebaseAutManager.swift in Sources */ = {isa = PBXBuildFile; fileRef = 8CBD2FCA28BFB39A0037D11D /* FirebaseAutManager.swift */; };
		8CBD2FCD28BFBF6F0037D11D /* UIViewController.swift in Sources */ = {isa = PBXBuildFile; fileRef = 8CBD2FCC28BFBF6F0037D11D /* UIViewController.swift */; };
		8CBD2FCF28C0F2190037D11D /* LoginViewModel.swift in Sources */ = {isa = PBXBuildFile; fileRef = 8CBD2FCE28C0F2190037D11D /* LoginViewModel.swift */; };
		8CBD2FD328C22AE70037D11D /* ChatListViewController.swift in Sources */ = {isa = PBXBuildFile; fileRef = 8CBD2FD228C22AE70037D11D /* ChatListViewController.swift */; };
		8CECAEDC28CB60BD0042F31B /* ChatListViewModel.swift in Sources */ = {isa = PBXBuildFile; fileRef = 8CECAEDB28CB60BD0042F31B /* ChatListViewModel.swift */; };
		8CECAEDE28CB615D0042F31B /* ChatListCell.swift in Sources */ = {isa = PBXBuildFile; fileRef = 8CECAEDD28CB615D0042F31B /* ChatListCell.swift */; };
		8CECAEE028CB63D30042F31B /* TypeAlias.swift in Sources */ = {isa = PBXBuildFile; fileRef = 8CECAEDF28CB63D30042F31B /* TypeAlias.swift */; };
/* End PBXBuildFile section */

/* Begin PBXFileReference section */
		8C22FFF828CA4582009D6309 /* UserModel.swift */ = {isa = PBXFileReference; lastKnownFileType = sourcecode.swift; path = UserModel.swift; sourceTree = "<group>"; };
		8C22FFFD28CA566B009D6309 /* ProfileViewController.swift */ = {isa = PBXFileReference; lastKnownFileType = sourcecode.swift; path = ProfileViewController.swift; sourceTree = "<group>"; };
		8C38A46A28C8BC1F00201F93 /* Firebase DatabaseManager.swift */ = {isa = PBXFileReference; lastKnownFileType = sourcecode.swift; path = "Firebase DatabaseManager.swift"; sourceTree = "<group>"; };
		8C4EA4B928BE50D200898BD0 /* Messenger.app */ = {isa = PBXFileReference; explicitFileType = wrapper.application; includeInIndex = 0; path = Messenger.app; sourceTree = BUILT_PRODUCTS_DIR; };
		8C4EA4BC28BE50D200898BD0 /* AppDelegate.swift */ = {isa = PBXFileReference; lastKnownFileType = sourcecode.swift; path = AppDelegate.swift; sourceTree = "<group>"; };
		8C4EA4BE28BE50D200898BD0 /* SceneDelegate.swift */ = {isa = PBXFileReference; lastKnownFileType = sourcecode.swift; path = SceneDelegate.swift; sourceTree = "<group>"; };
		8C4EA4C528BE50D200898BD0 /* Assets.xcassets */ = {isa = PBXFileReference; lastKnownFileType = folder.assetcatalog; path = Assets.xcassets; sourceTree = "<group>"; };
		8C4EA4C828BE50D200898BD0 /* Base */ = {isa = PBXFileReference; lastKnownFileType = file.storyboard; name = Base; path = Base.lproj/LaunchScreen.storyboard; sourceTree = "<group>"; };
		8C4EA4CA28BE50D200898BD0 /* Info.plist */ = {isa = PBXFileReference; lastKnownFileType = text.plist.xml; path = Info.plist; sourceTree = "<group>"; };
		8C4EA4D228BE516F00898BD0 /* LoginViewController.swift */ = {isa = PBXFileReference; lastKnownFileType = sourcecode.swift; path = LoginViewController.swift; sourceTree = "<group>"; };
		8C4EA4D628BE5CC900898BD0 /* RegisterViewController.swift */ = {isa = PBXFileReference; lastKnownFileType = sourcecode.swift; path = RegisterViewController.swift; sourceTree = "<group>"; };
		8C4EA4D928BE5D8D00898BD0 /* RegisterViewModels.swift */ = {isa = PBXFileReference; lastKnownFileType = sourcecode.swift; path = RegisterViewModels.swift; sourceTree = "<group>"; };
		8CBD2FBF28BF7F690037D11D /* GoogleService-Info.plist */ = {isa = PBXFileReference; fileEncoding = 4; lastKnownFileType = text.plist.xml; path = "GoogleService-Info.plist"; sourceTree = "<group>"; };
		8CBD2FC828BF832D0037D11D /* CustomTextfield.swift */ = {isa = PBXFileReference; lastKnownFileType = sourcecode.swift; path = CustomTextfield.swift; sourceTree = "<group>"; };
		8CBD2FCA28BFB39A0037D11D /* FirebaseAutManager.swift */ = {isa = PBXFileReference; lastKnownFileType = sourcecode.swift; path = FirebaseAutManager.swift; sourceTree = "<group>"; };
		8CBD2FCC28BFBF6F0037D11D /* UIViewController.swift */ = {isa = PBXFileReference; lastKnownFileType = sourcecode.swift; path = UIViewController.swift; sourceTree = "<group>"; };
		8CBD2FCE28C0F2190037D11D /* LoginViewModel.swift */ = {isa = PBXFileReference; lastKnownFileType = sourcecode.swift; path = LoginViewModel.swift; sourceTree = "<group>"; };
		8CBD2FD228C22AE70037D11D /* ChatListViewController.swift */ = {isa = PBXFileReference; lastKnownFileType = sourcecode.swift; path = ChatListViewController.swift; sourceTree = "<group>"; };
		8CECAEDB28CB60BD0042F31B /* ChatListViewModel.swift */ = {isa = PBXFileReference; lastKnownFileType = sourcecode.swift; path = ChatListViewModel.swift; sourceTree = "<group>"; };
		8CECAEDD28CB615D0042F31B /* ChatListCell.swift */ = {isa = PBXFileReference; lastKnownFileType = sourcecode.swift; path = ChatListCell.swift; sourceTree = "<group>"; };
		8CECAEDF28CB63D30042F31B /* TypeAlias.swift */ = {isa = PBXFileReference; lastKnownFileType = sourcecode.swift; path = TypeAlias.swift; sourceTree = "<group>"; };
/* End PBXFileReference section */

/* Begin PBXFrameworksBuildPhase section */
		8C4EA4B628BE50D200898BD0 /* Frameworks */ = {
			isa = PBXFrameworksBuildPhase;
			buildActionMask = 2147483647;
			files = (
				8C552D1428D1D37000BB7293 /* GoogleSignIn in Frameworks */,
				8C22FFF528CA39DF009D6309 /* FirebaseDatabase in Frameworks */,
				8C22FFF728CA39DF009D6309 /* FirebaseFirestore in Frameworks */,
				8C552D1628D1D37000BB7293 /* GoogleSignInSwift in Frameworks */,
				8C4EA4DD28BE5F4600898BD0 /* SnapKit in Frameworks */,
				8C22FFF328CA39DF009D6309 /* FirebaseAuth in Frameworks */,
			);
			runOnlyForDeploymentPostprocessing = 0;
		};
/* End PBXFrameworksBuildPhase section */

/* Begin PBXGroup section */
		8C22000028CB5F25009D6309 /* Constant */ = {
			isa = PBXGroup;
			children = (
				8CECAEDF28CB63D30042F31B /* TypeAlias.swift */,
			);
			path = Constant;
			sourceTree = "<group>";
		};
		8C22FFFF28CA5A27009D6309 /* Profile */ = {
			isa = PBXGroup;
			children = (
				8C22FFFD28CA566B009D6309 /* ProfileViewController.swift */,
			);
			path = Profile;
			sourceTree = "<group>";
		};
		8C4EA4B028BE50D200898BD0 = {
			isa = PBXGroup;
			children = (
				8C4EA4BB28BE50D200898BD0 /* Messenger */,
				8C4EA4BA28BE50D200898BD0 /* Products */,
			);
			sourceTree = "<group>";
		};
		8C4EA4BA28BE50D200898BD0 /* Products */ = {
			isa = PBXGroup;
			children = (
				8C4EA4B928BE50D200898BD0 /* Messenger.app */,
			);
			name = Products;
			sourceTree = "<group>";
		};
		8C4EA4BB28BE50D200898BD0 /* Messenger */ = {
			isa = PBXGroup;
			children = (
				8C22000028CB5F25009D6309 /* Constant */,
				8CBD2FC728BF82D80037D11D /* Extension */,
				8C4EA4D528BE5B8D00898BD0 /* Pages */,
				8C22FFF828CA4582009D6309 /* UserModel.swift */,
				8CBD2FD028C0F22A0037D11D /* Firebase */,
				8C4EA4D028BE512900898BD0 /* Source */,
				8C4EA4C528BE50D200898BD0 /* Assets.xcassets */,
				8C4EA4C728BE50D200898BD0 /* LaunchScreen.storyboard */,
				8CBD2FBF28BF7F690037D11D /* GoogleService-Info.plist */,
				8C4EA4CA28BE50D200898BD0 /* Info.plist */,
			);
			path = Messenger;
			sourceTree = "<group>";
		};
		8C4EA4D028BE512900898BD0 /* Source */ = {
			isa = PBXGroup;
			children = (
				8C4EA4BE28BE50D200898BD0 /* SceneDelegate.swift */,
				8C4EA4BC28BE50D200898BD0 /* AppDelegate.swift */,
			);
			path = Source;
			sourceTree = "<group>";
		};
		8C4EA4D128BE515200898BD0 /* Login */ = {
			isa = PBXGroup;
			children = (
				8C4EA4D228BE516F00898BD0 /* LoginViewController.swift */,
				8CBD2FCE28C0F2190037D11D /* LoginViewModel.swift */,
			);
			path = Login;
			sourceTree = "<group>";
		};
		8C4EA4D428BE5B2B00898BD0 /* Register */ = {
			isa = PBXGroup;
			children = (
				8C4EA4D628BE5CC900898BD0 /* RegisterViewController.swift */,
				8C4EA4D928BE5D8D00898BD0 /* RegisterViewModels.swift */,
			);
			path = Register;
			sourceTree = "<group>";
		};
		8C4EA4D528BE5B8D00898BD0 /* Pages */ = {
			isa = PBXGroup;
			children = (
				8C4EA4D428BE5B2B00898BD0 /* Register */,
				8C4EA4D128BE515200898BD0 /* Login */,
				8C22FFFF28CA5A27009D6309 /* Profile */,
				8CBD2FC828BF832D0037D11D /* CustomTextfield.swift */,
				8CBD2FD128C22ACD0037D11D /* ChatList */,
			);
			path = Pages;
			sourceTree = "<group>";
		};
		8CBD2FC728BF82D80037D11D /* Extension */ = {
			isa = PBXGroup;
			children = (
				8CBD2FCC28BFBF6F0037D11D /* UIViewController.swift */,
			);
			path = Extension;
			sourceTree = "<group>";
		};
		8CBD2FD028C0F22A0037D11D /* Firebase */ = {
			isa = PBXGroup;
			children = (
				8CBD2FCA28BFB39A0037D11D /* FirebaseAutManager.swift */,
				8C38A46A28C8BC1F00201F93 /* Firebase DatabaseManager.swift */,
			);
			path = Firebase;
			sourceTree = "<group>";
		};
		8CBD2FD128C22ACD0037D11D /* ChatList */ = {
			isa = PBXGroup;
			children = (
				8CECAEE128CB66510042F31B /* ChatListCell */,
				8CBD2FD228C22AE70037D11D /* ChatListViewController.swift */,
				8CECAEDB28CB60BD0042F31B /* ChatListViewModel.swift */,
			);
			path = ChatList;
			sourceTree = "<group>";
		};
		8CECAEE128CB66510042F31B /* ChatListCell */ = {
			isa = PBXGroup;
			children = (
				8CECAEDD28CB615D0042F31B /* ChatListCell.swift */,
			);
			path = ChatListCell;
			sourceTree = "<group>";
		};
/* End PBXGroup section */

/* Begin PBXNativeTarget section */
		8C4EA4B828BE50D200898BD0 /* Messenger */ = {
			isa = PBXNativeTarget;
			buildConfigurationList = 8C4EA4CD28BE50D200898BD0 /* Build configuration list for PBXNativeTarget "Messenger" */;
			buildPhases = (
				8C4EA4B528BE50D200898BD0 /* Sources */,
				8C4EA4B628BE50D200898BD0 /* Frameworks */,
				8C4EA4B728BE50D200898BD0 /* Resources */,
			);
			buildRules = (
			);
			dependencies = (
			);
			name = Messenger;
			packageProductDependencies = (
				8C4EA4DC28BE5F4600898BD0 /* SnapKit */,
				8C22FFF228CA39DF009D6309 /* FirebaseAuth */,
				8C22FFF428CA39DF009D6309 /* FirebaseDatabase */,
				8C22FFF628CA39DF009D6309 /* FirebaseFirestore */,
				8C552D1328D1D37000BB7293 /* GoogleSignIn */,
				8C552D1528D1D37000BB7293 /* GoogleSignInSwift */,
			);
			productName = Messenger;
			productReference = 8C4EA4B928BE50D200898BD0 /* Messenger.app */;
			productType = "com.apple.product-type.application";
		};
/* End PBXNativeTarget section */

/* Begin PBXProject section */
		8C4EA4B128BE50D200898BD0 /* Project object */ = {
			isa = PBXProject;
			attributes = {
				BuildIndependentTargetsInParallel = 1;
				LastSwiftUpdateCheck = 1340;
				LastUpgradeCheck = 1340;
				TargetAttributes = {
					8C4EA4B828BE50D200898BD0 = {
						CreatedOnToolsVersion = 13.4.1;
					};
				};
			};
			buildConfigurationList = 8C4EA4B428BE50D200898BD0 /* Build configuration list for PBXProject "Messenger" */;
			compatibilityVersion = "Xcode 13.0";
			developmentRegion = en;
			hasScannedForEncodings = 0;
			knownRegions = (
				en,
				Base,
			);
			mainGroup = 8C4EA4B028BE50D200898BD0;
			packageReferences = (
				8C4EA4DB28BE5F4600898BD0 /* XCRemoteSwiftPackageReference "SnapKit" */,
				8C22FFF128CA39DF009D6309 /* XCRemoteSwiftPackageReference "firebase-ios-sdk" */,
				8C552D1228D1D37000BB7293 /* XCRemoteSwiftPackageReference "GoogleSignIn-iOS" */,
			);
			productRefGroup = 8C4EA4BA28BE50D200898BD0 /* Products */;
			projectDirPath = "";
			projectRoot = "";
			targets = (
				8C4EA4B828BE50D200898BD0 /* Messenger */,
			);
		};
/* End PBXProject section */

/* Begin PBXResourcesBuildPhase section */
		8C4EA4B728BE50D200898BD0 /* Resources */ = {
			isa = PBXResourcesBuildPhase;
			buildActionMask = 2147483647;
			files = (
				8C4EA4C928BE50D200898BD0 /* LaunchScreen.storyboard in Resources */,
				8C4EA4C628BE50D200898BD0 /* Assets.xcassets in Resources */,
				8CBD2FC028BF7F690037D11D /* GoogleService-Info.plist in Resources */,
			);
			runOnlyForDeploymentPostprocessing = 0;
		};
/* End PBXResourcesBuildPhase section */

/* Begin PBXSourcesBuildPhase section */
		8C4EA4B528BE50D200898BD0 /* Sources */ = {
			isa = PBXSourcesBuildPhase;
			buildActionMask = 2147483647;
			files = (
				8CBD2FC928BF832D0037D11D /* CustomTextfield.swift in Sources */,
				8CBD2FCB28BFB39A0037D11D /* FirebaseAutManager.swift in Sources */,
				8CBD2FCD28BFBF6F0037D11D /* UIViewController.swift in Sources */,
				8C4EA4DA28BE5D8D00898BD0 /* RegisterViewModels.swift in Sources */,
				8C4EA4D328BE516F00898BD0 /* LoginViewController.swift in Sources */,
				8CECAEDC28CB60BD0042F31B /* ChatListViewModel.swift in Sources */,
				8C22FFF928CA4582009D6309 /* UserModel.swift in Sources */,
				8C4EA4D728BE5CC900898BD0 /* RegisterViewController.swift in Sources */,
				8CECAEE028CB63D30042F31B /* TypeAlias.swift in Sources */,
				8CBD2FD328C22AE70037D11D /* ChatListViewController.swift in Sources */,
				8CECAEDE28CB615D0042F31B /* ChatListCell.swift in Sources */,
				8C4EA4BD28BE50D200898BD0 /* AppDelegate.swift in Sources */,
				8CBD2FCF28C0F2190037D11D /* LoginViewModel.swift in Sources */,
				8C22FFFE28CA566B009D6309 /* ProfileViewController.swift in Sources */,
				8C4EA4BF28BE50D200898BD0 /* SceneDelegate.swift in Sources */,
				8C38A46B28C8BC1F00201F93 /* Firebase DatabaseManager.swift in Sources */,
			);
			runOnlyForDeploymentPostprocessing = 0;
		};
/* End PBXSourcesBuildPhase section */

/* Begin PBXVariantGroup section */
		8C4EA4C728BE50D200898BD0 /* LaunchScreen.storyboard */ = {
			isa = PBXVariantGroup;
			children = (
				8C4EA4C828BE50D200898BD0 /* Base */,
			);
			name = LaunchScreen.storyboard;
			sourceTree = "<group>";
		};
/* End PBXVariantGroup section */

/* Begin XCBuildConfiguration section */
		8C4EA4CB28BE50D200898BD0 /* Debug */ = {
			isa = XCBuildConfiguration;
			buildSettings = {
				ALWAYS_SEARCH_USER_PATHS = NO;
				CLANG_ANALYZER_NONNULL = YES;
				CLANG_ANALYZER_NUMBER_OBJECT_CONVERSION = YES_AGGRESSIVE;
				CLANG_CXX_LANGUAGE_STANDARD = "gnu++17";
				CLANG_ENABLE_MODULES = YES;
				CLANG_ENABLE_OBJC_ARC = YES;
				CLANG_ENABLE_OBJC_WEAK = YES;
				CLANG_WARN_BLOCK_CAPTURE_AUTORELEASING = YES;
				CLANG_WARN_BOOL_CONVERSION = YES;
				CLANG_WARN_COMMA = YES;
				CLANG_WARN_CONSTANT_CONVERSION = YES;
				CLANG_WARN_DEPRECATED_OBJC_IMPLEMENTATIONS = YES;
				CLANG_WARN_DIRECT_OBJC_ISA_USAGE = YES_ERROR;
				CLANG_WARN_DOCUMENTATION_COMMENTS = YES;
				CLANG_WARN_EMPTY_BODY = YES;
				CLANG_WARN_ENUM_CONVERSION = YES;
				CLANG_WARN_INFINITE_RECURSION = YES;
				CLANG_WARN_INT_CONVERSION = YES;
				CLANG_WARN_NON_LITERAL_NULL_CONVERSION = YES;
				CLANG_WARN_OBJC_IMPLICIT_RETAIN_SELF = YES;
				CLANG_WARN_OBJC_LITERAL_CONVERSION = YES;
				CLANG_WARN_OBJC_ROOT_CLASS = YES_ERROR;
				CLANG_WARN_QUOTED_INCLUDE_IN_FRAMEWORK_HEADER = YES;
				CLANG_WARN_RANGE_LOOP_ANALYSIS = YES;
				CLANG_WARN_STRICT_PROTOTYPES = YES;
				CLANG_WARN_SUSPICIOUS_MOVE = YES;
				CLANG_WARN_UNGUARDED_AVAILABILITY = YES_AGGRESSIVE;
				CLANG_WARN_UNREACHABLE_CODE = YES;
				CLANG_WARN__DUPLICATE_METHOD_MATCH = YES;
				COPY_PHASE_STRIP = NO;
				DEBUG_INFORMATION_FORMAT = dwarf;
				ENABLE_STRICT_OBJC_MSGSEND = YES;
				ENABLE_TESTABILITY = YES;
				GCC_C_LANGUAGE_STANDARD = gnu11;
				GCC_DYNAMIC_NO_PIC = NO;
				GCC_NO_COMMON_BLOCKS = YES;
				GCC_OPTIMIZATION_LEVEL = 0;
				GCC_PREPROCESSOR_DEFINITIONS = (
					"DEBUG=1",
					"$(inherited)",
				);
				GCC_WARN_64_TO_32_BIT_CONVERSION = YES;
				GCC_WARN_ABOUT_RETURN_TYPE = YES_ERROR;
				GCC_WARN_UNDECLARED_SELECTOR = YES;
				GCC_WARN_UNINITIALIZED_AUTOS = YES_AGGRESSIVE;
				GCC_WARN_UNUSED_FUNCTION = YES;
				GCC_WARN_UNUSED_VARIABLE = YES;
				IPHONEOS_DEPLOYMENT_TARGET = 15.5;
				MTL_ENABLE_DEBUG_INFO = INCLUDE_SOURCE;
				MTL_FAST_MATH = YES;
				ONLY_ACTIVE_ARCH = YES;
				SDKROOT = iphoneos;
				SWIFT_ACTIVE_COMPILATION_CONDITIONS = DEBUG;
				SWIFT_OPTIMIZATION_LEVEL = "-Onone";
			};
			name = Debug;
		};
		8C4EA4CC28BE50D200898BD0 /* Release */ = {
			isa = XCBuildConfiguration;
			buildSettings = {
				ALWAYS_SEARCH_USER_PATHS = NO;
				CLANG_ANALYZER_NONNULL = YES;
				CLANG_ANALYZER_NUMBER_OBJECT_CONVERSION = YES_AGGRESSIVE;
				CLANG_CXX_LANGUAGE_STANDARD = "gnu++17";
				CLANG_ENABLE_MODULES = YES;
				CLANG_ENABLE_OBJC_ARC = YES;
				CLANG_ENABLE_OBJC_WEAK = YES;
				CLANG_WARN_BLOCK_CAPTURE_AUTORELEASING = YES;
				CLANG_WARN_BOOL_CONVERSION = YES;
				CLANG_WARN_COMMA = YES;
				CLANG_WARN_CONSTANT_CONVERSION = YES;
				CLANG_WARN_DEPRECATED_OBJC_IMPLEMENTATIONS = YES;
				CLANG_WARN_DIRECT_OBJC_ISA_USAGE = YES_ERROR;
				CLANG_WARN_DOCUMENTATION_COMMENTS = YES;
				CLANG_WARN_EMPTY_BODY = YES;
				CLANG_WARN_ENUM_CONVERSION = YES;
				CLANG_WARN_INFINITE_RECURSION = YES;
				CLANG_WARN_INT_CONVERSION = YES;
				CLANG_WARN_NON_LITERAL_NULL_CONVERSION = YES;
				CLANG_WARN_OBJC_IMPLICIT_RETAIN_SELF = YES;
				CLANG_WARN_OBJC_LITERAL_CONVERSION = YES;
				CLANG_WARN_OBJC_ROOT_CLASS = YES_ERROR;
				CLANG_WARN_QUOTED_INCLUDE_IN_FRAMEWORK_HEADER = YES;
				CLANG_WARN_RANGE_LOOP_ANALYSIS = YES;
				CLANG_WARN_STRICT_PROTOTYPES = YES;
				CLANG_WARN_SUSPICIOUS_MOVE = YES;
				CLANG_WARN_UNGUARDED_AVAILABILITY = YES_AGGRESSIVE;
				CLANG_WARN_UNREACHABLE_CODE = YES;
				CLANG_WARN__DUPLICATE_METHOD_MATCH = YES;
				COPY_PHASE_STRIP = NO;
				DEBUG_INFORMATION_FORMAT = "dwarf-with-dsym";
				ENABLE_NS_ASSERTIONS = NO;
				ENABLE_STRICT_OBJC_MSGSEND = YES;
				GCC_C_LANGUAGE_STANDARD = gnu11;
				GCC_NO_COMMON_BLOCKS = YES;
				GCC_WARN_64_TO_32_BIT_CONVERSION = YES;
				GCC_WARN_ABOUT_RETURN_TYPE = YES_ERROR;
				GCC_WARN_UNDECLARED_SELECTOR = YES;
				GCC_WARN_UNINITIALIZED_AUTOS = YES_AGGRESSIVE;
				GCC_WARN_UNUSED_FUNCTION = YES;
				GCC_WARN_UNUSED_VARIABLE = YES;
				IPHONEOS_DEPLOYMENT_TARGET = 15.5;
				MTL_ENABLE_DEBUG_INFO = NO;
				MTL_FAST_MATH = YES;
				SDKROOT = iphoneos;
				SWIFT_COMPILATION_MODE = wholemodule;
				SWIFT_OPTIMIZATION_LEVEL = "-O";
				VALIDATE_PRODUCT = YES;
			};
			name = Release;
		};
		8C4EA4CE28BE50D200898BD0 /* Debug */ = {
			isa = XCBuildConfiguration;
			buildSettings = {
				ASSETCATALOG_COMPILER_APPICON_NAME = AppIcon;
				ASSETCATALOG_COMPILER_GLOBAL_ACCENT_COLOR_NAME = AccentColor;
				CODE_SIGN_STYLE = Automatic;
				CURRENT_PROJECT_VERSION = 1;
				GENERATE_INFOPLIST_FILE = YES;
				INFOPLIST_FILE = Messenger/Info.plist;
				INFOPLIST_KEY_NSCameraUsageDescription = "Please allow us to take a profile pic?";
				INFOPLIST_KEY_NSPhotoLibraryUsageDescription = "Please allow us for select a profile pic?";
				INFOPLIST_KEY_UIApplicationSupportsIndirectInputEvents = YES;
				INFOPLIST_KEY_UILaunchStoryboardName = LaunchScreen;
				INFOPLIST_KEY_UIMainStoryboardFile = "";
				INFOPLIST_KEY_UISupportedInterfaceOrientations = UIInterfaceOrientationPortrait;
				INFOPLIST_KEY_UISupportedInterfaceOrientations_iPad = "UIInterfaceOrientationPortrait UIInterfaceOrientationPortraitUpsideDown UIInterfaceOrientationLandscapeLeft UIInterfaceOrientationLandscapeRight";
				INFOPLIST_KEY_UISupportedInterfaceOrientations_iPhone = "UIInterfaceOrientationPortrait UIInterfaceOrientationLandscapeLeft UIInterfaceOrientationLandscapeRight";
				LD_RUNPATH_SEARCH_PATHS = (
					"$(inherited)",
					"@executable_path/Frameworks",
				);
				MARKETING_VERSION = 1.0.1;
				PRODUCT_BUNDLE_IDENTIFIER = "by-knturn.Messenger";
				PRODUCT_NAME = "$(TARGET_NAME)";
				SWIFT_EMIT_LOC_STRINGS = YES;
				SWIFT_VERSION = 5.0;
				TARGETED_DEVICE_FAMILY = 1;
			};
			name = Debug;
		};
		8C4EA4CF28BE50D200898BD0 /* Release */ = {
			isa = XCBuildConfiguration;
			buildSettings = {
				ASSETCATALOG_COMPILER_APPICON_NAME = AppIcon;
				ASSETCATALOG_COMPILER_GLOBAL_ACCENT_COLOR_NAME = AccentColor;
				CODE_SIGN_STYLE = Automatic;
				CURRENT_PROJECT_VERSION = 1;
				GENERATE_INFOPLIST_FILE = YES;
				INFOPLIST_FILE = Messenger/Info.plist;
				INFOPLIST_KEY_NSCameraUsageDescription = "Please allow us to take a profile pic?";
				INFOPLIST_KEY_NSPhotoLibraryUsageDescription = "Please allow us for select a profile pic?";
				INFOPLIST_KEY_UIApplicationSupportsIndirectInputEvents = YES;
				INFOPLIST_KEY_UILaunchStoryboardName = LaunchScreen;
				INFOPLIST_KEY_UIMainStoryboardFile = "";
				INFOPLIST_KEY_UISupportedInterfaceOrientations = UIInterfaceOrientationPortrait;
				INFOPLIST_KEY_UISupportedInterfaceOrientations_iPad = "UIInterfaceOrientationPortrait UIInterfaceOrientationPortraitUpsideDown UIInterfaceOrientationLandscapeLeft UIInterfaceOrientationLandscapeRight";
				INFOPLIST_KEY_UISupportedInterfaceOrientations_iPhone = "UIInterfaceOrientationPortrait UIInterfaceOrientationLandscapeLeft UIInterfaceOrientationLandscapeRight";
				LD_RUNPATH_SEARCH_PATHS = (
					"$(inherited)",
					"@executable_path/Frameworks",
				);
				MARKETING_VERSION = 1.0.1;
				PRODUCT_BUNDLE_IDENTIFIER = "by-knturn.Messenger";
				PRODUCT_NAME = "$(TARGET_NAME)";
				SWIFT_EMIT_LOC_STRINGS = YES;
				SWIFT_VERSION = 5.0;
				TARGETED_DEVICE_FAMILY = 1;
			};
			name = Release;
		};
/* End XCBuildConfiguration section */

/* Begin XCConfigurationList section */
		8C4EA4B428BE50D200898BD0 /* Build configuration list for PBXProject "Messenger" */ = {
			isa = XCConfigurationList;
			buildConfigurations = (
				8C4EA4CB28BE50D200898BD0 /* Debug */,
				8C4EA4CC28BE50D200898BD0 /* Release */,
			);
			defaultConfigurationIsVisible = 0;
			defaultConfigurationName = Release;
		};
		8C4EA4CD28BE50D200898BD0 /* Build configuration list for PBXNativeTarget "Messenger" */ = {
			isa = XCConfigurationList;
			buildConfigurations = (
				8C4EA4CE28BE50D200898BD0 /* Debug */,
				8C4EA4CF28BE50D200898BD0 /* Release */,
			);
			defaultConfigurationIsVisible = 0;
			defaultConfigurationName = Release;
		};
/* End XCConfigurationList section */

/* Begin XCRemoteSwiftPackageReference section */
		8C22FFF128CA39DF009D6309 /* XCRemoteSwiftPackageReference "firebase-ios-sdk" */ = {
			isa = XCRemoteSwiftPackageReference;
			repositoryURL = "https://github.com/firebase/firebase-ios-sdk";
			requirement = {
				kind = upToNextMajorVersion;
				minimumVersion = 9.0.0;
			};
		};
		8C4EA4DB28BE5F4600898BD0 /* XCRemoteSwiftPackageReference "SnapKit" */ = {
			isa = XCRemoteSwiftPackageReference;
			repositoryURL = "https://github.com/SnapKit/SnapKit.git";
			requirement = {
				kind = upToNextMajorVersion;
				minimumVersion = 5.0.0;
			};
		};
		8C552D1228D1D37000BB7293 /* XCRemoteSwiftPackageReference "GoogleSignIn-iOS" */ = {
			isa = XCRemoteSwiftPackageReference;
			repositoryURL = "https://github.com/google/GoogleSignIn-iOS.git";
			requirement = {
				kind = upToNextMajorVersion;
				minimumVersion = 6.0.0;
			};
		};
/* End XCRemoteSwiftPackageReference section */

/* Begin XCSwiftPackageProductDependency section */
		8C22FFF228CA39DF009D6309 /* FirebaseAuth */ = {
			isa = XCSwiftPackageProductDependency;
			package = 8C22FFF128CA39DF009D6309 /* XCRemoteSwiftPackageReference "firebase-ios-sdk" */;
			productName = FirebaseAuth;
		};
		8C22FFF428CA39DF009D6309 /* FirebaseDatabase */ = {
			isa = XCSwiftPackageProductDependency;
			package = 8C22FFF128CA39DF009D6309 /* XCRemoteSwiftPackageReference "firebase-ios-sdk" */;
			productName = FirebaseDatabase;
		};
		8C22FFF628CA39DF009D6309 /* FirebaseFirestore */ = {
			isa = XCSwiftPackageProductDependency;
			package = 8C22FFF128CA39DF009D6309 /* XCRemoteSwiftPackageReference "firebase-ios-sdk" */;
			productName = FirebaseFirestore;
		};
		8C4EA4DC28BE5F4600898BD0 /* SnapKit */ = {
			isa = XCSwiftPackageProductDependency;
			package = 8C4EA4DB28BE5F4600898BD0 /* XCRemoteSwiftPackageReference "SnapKit" */;
			productName = SnapKit;
		};
		8C552D1328D1D37000BB7293 /* GoogleSignIn */ = {
			isa = XCSwiftPackageProductDependency;
			package = 8C552D1228D1D37000BB7293 /* XCRemoteSwiftPackageReference "GoogleSignIn-iOS" */;
			productName = GoogleSignIn;
		};
		8C552D1528D1D37000BB7293 /* GoogleSignInSwift */ = {
			isa = XCSwiftPackageProductDependency;
			package = 8C552D1228D1D37000BB7293 /* XCRemoteSwiftPackageReference "GoogleSignIn-iOS" */;
			productName = GoogleSignInSwift;
		};
/* End XCSwiftPackageProductDependency section */
	};
	rootObject = 8C4EA4B128BE50D200898BD0 /* Project object */;
}
